# This file is automatically @generated by Cargo.
# It is not intended for manual editing.
version = 3

[[package]]
name = "bs-poc"
version = "0.1.0"
dependencies = [
 "iced-x86",
 "lazy_static",
 "libc",
 "memmap2",
]

[[package]]
name = "iced-x86"
version = "1.19.0"
source = "registry+https://github.com/rust-lang/crates.io-index"
checksum = "b7cc8d38244d84278262c8ebe6930cc44283d194cbabae2651f6112103802fb5"
dependencies = [
 "lazy_static",
]

[[package]]
name = "lazy_static"
version = "1.4.0"
source = "registry+https://github.com/rust-lang/crates.io-index"
checksum = "e2abad23fbc42b3700f2f279844dc832adb2b2eb069b2df918f455c4e18cc646"

[[package]]
name = "libc"
version = "0.2.146"
source = "registry+https://github.com/rust-lang/crates.io-index"
checksum = "f92be4933c13fd498862a9e02a3055f8a8d9c039ce33db97306fd5a6caa7f29b"

[[package]]
name = "memmap2"
version = "0.7.0"
source = "registry+https://github.com/rust-lang/crates.io-index"
checksum = "180d4b35be83d33392d1d1bfbd2ae1eca7ff5de1a94d3fc87faaa99a069e7cbd"
dependencies = [
 "libc",
]
